// !$*UTF8*$!
{
	archiveVersion = 1;
	classes = {
	};
	objectVersion = 55;
	objects = {

/* Begin PBXBuildFile section */
		AC471B5F2778998700E7A032 /* AppDelegate.swift in Sources */ = {isa = PBXBuildFile; fileRef = AC471B5E2778998700E7A032 /* AppDelegate.swift */; };
		AC471B612778998700E7A032 /* SceneDelegate.swift in Sources */ = {isa = PBXBuildFile; fileRef = AC471B602778998700E7A032 /* SceneDelegate.swift */; };
		AC471B632778998700E7A032 /* ViewController.swift in Sources */ = {isa = PBXBuildFile; fileRef = AC471B622778998700E7A032 /* ViewController.swift */; };
		AC471B662778998700E7A032 /* Main.storyboard in Resources */ = {isa = PBXBuildFile; fileRef = AC471B642778998700E7A032 /* Main.storyboard */; };
		AC471B682778998800E7A032 /* Assets.xcassets in Resources */ = {isa = PBXBuildFile; fileRef = AC471B672778998800E7A032 /* Assets.xcassets */; };
		AC471B6B2778998800E7A032 /* LaunchScreen.storyboard in Resources */ = {isa = PBXBuildFile; fileRef = AC471B692778998800E7A032 /* LaunchScreen.storyboard */; };
		AC471B7727789BA300E7A032 /* MovementDirections.swift in Sources */ = {isa = PBXBuildFile; fileRef = AC471B7627789BA300E7A032 /* MovementDirections.swift */; };
		AC471B7927789C2400E7A032 /* AStar.swift in Sources */ = {isa = PBXBuildFile; fileRef = AC471B7827789C2400E7A032 /* AStar.swift */; };
		AC471B7B27789F3200E7A032 /* PuzzleGame.swift in Sources */ = {isa = PBXBuildFile; fileRef = AC471B7A27789F3200E7A032 /* PuzzleGame.swift */; };
/* End PBXBuildFile section */

/* Begin PBXFileReference section */
		AC471B5B2778998700E7A032 /* 8Puzzle.app */ = {isa = PBXFileReference; explicitFileType = wrapper.application; includeInIndex = 0; path = 8Puzzle.app; sourceTree = BUILT_PRODUCTS_DIR; };
		AC471B5E2778998700E7A032 /* AppDelegate.swift */ = {isa = PBXFileReference; lastKnownFileType = sourcecode.swift; path = AppDelegate.swift; sourceTree = "<group>"; };
		AC471B602778998700E7A032 /* SceneDelegate.swift */ = {isa = PBXFileReference; lastKnownFileType = sourcecode.swift; path = SceneDelegate.swift; sourceTree = "<group>"; };
		AC471B622778998700E7A032 /* ViewController.swift */ = {isa = PBXFileReference; lastKnownFileType = sourcecode.swift; path = ViewController.swift; sourceTree = "<group>"; };
		AC471B652778998700E7A032 /* Base */ = {isa = PBXFileReference; lastKnownFileType = file.storyboard; name = Base; path = Base.lproj/Main.storyboard; sourceTree = "<group>"; };
		AC471B672778998800E7A032 /* Assets.xcassets */ = {isa = PBXFileReference; lastKnownFileType = folder.assetcatalog; path = Assets.xcassets; sourceTree = "<group>"; };
		AC471B6A2778998800E7A032 /* Base */ = {isa = PBXFileReference; lastKnownFileType = file.storyboard; name = Base; path = Base.lproj/LaunchScreen.storyboard; sourceTree = "<group>"; };
		AC471B6C2778998800E7A032 /* Info.plist */ = {isa = PBXFileReference; lastKnownFileType = text.plist.xml; path = Info.plist; sourceTree = "<group>"; };
		AC471B7627789BA300E7A032 /* MovementDirections.swift */ = {isa = PBXFileReference; lastKnownFileType = sourcecode.swift; path = MovementDirections.swift; sourceTree = "<group>"; };
		AC471B7827789C2400E7A032 /* AStar.swift */ = {isa = PBXFileReference; lastKnownFileType = sourcecode.swift; path = AStar.swift; sourceTree = "<group>"; };
		AC471B7A27789F3200E7A032 /* PuzzleGame.swift */ = {isa = PBXFileReference; lastKnownFileType = sourcecode.swift; path = PuzzleGame.swift; sourceTree = "<group>"; };
/* End PBXFileReference section */

/* Begin PBXFrameworksBuildPhase section */
		AC471B582778998700E7A032 /* Frameworks */ = {
			isa = PBXFrameworksBuildPhase;
			buildActionMask = 2147483647;
			files = (
			);
			runOnlyForDeploymentPostprocessing = 0;
		};
/* End PBXFrameworksBuildPhase section */

/* Begin PBXGroup section */
		AC471B522778998700E7A032 = {
			isa = PBXGroup;
			children = (
				AC471B5D2778998700E7A032 /* 8Puzzle */,
				AC471B5C2778998700E7A032 /* Products */,
			);
			sourceTree = "<group>";
		};
		AC471B5C2778998700E7A032 /* Products */ = {
			isa = PBXGroup;
			children = (
				AC471B5B2778998700E7A032 /* 8Puzzle.app */,
			);
			name = Products;
			sourceTree = "<group>";
		};
		AC471B5D2778998700E7A032 /* 8Puzzle */ = {
			isa = PBXGroup;
			children = (
				AC471B7527789B7900E7A032 /* Model */,
				AC471B7427789B6F00E7A032 /* View */,
				AC471B7327789B6000E7A032 /* Controller */,
				AC471B7227789B4700E7A032 /* AppSupport */,
				AC471B672778998800E7A032 /* Assets.xcassets */,
				AC471B6C2778998800E7A032 /* Info.plist */,
			);
			path = 8Puzzle;
			sourceTree = "<group>";
		};
		AC471B7227789B4700E7A032 /* AppSupport */ = {
			isa = PBXGroup;
			children = (
				AC471B5E2778998700E7A032 /* AppDelegate.swift */,
				AC471B602778998700E7A032 /* SceneDelegate.swift */,
				AC471B692778998800E7A032 /* LaunchScreen.storyboard */,
			);
			path = AppSupport;
			sourceTree = "<group>";
		};
		AC471B7327789B6000E7A032 /* Controller */ = {
			isa = PBXGroup;
			children = (
				AC471B622778998700E7A032 /* ViewController.swift */,
			);
			path = Controller;
			sourceTree = "<group>";
		};
		AC471B7427789B6F00E7A032 /* View */ = {
			isa = PBXGroup;
			children = (
				AC471B642778998700E7A032 /* Main.storyboard */,
			);
			path = View;
			sourceTree = "<group>";
		};
		AC471B7527789B7900E7A032 /* Model */ = {
			isa = PBXGroup;
			children = (
				AC471B7627789BA300E7A032 /* MovementDirections.swift */,
				AC471B7827789C2400E7A032 /* AStar.swift */,
				AC471B7A27789F3200E7A032 /* PuzzleGame.swift */,
			);
			path = Model;
			sourceTree = "<group>";
		};
/* End PBXGroup section */

/* Begin PBXNativeTarget section */
		AC471B5A2778998700E7A032 /* 8Puzzle */ = {
			isa = PBXNativeTarget;
			buildConfigurationList = AC471B6F2778998800E7A032 /* Build configuration list for PBXNativeTarget "8Puzzle" */;
			buildPhases = (
				AC471B572778998700E7A032 /* Sources */,
				AC471B582778998700E7A032 /* Frameworks */,
				AC471B592778998700E7A032 /* Resources */,
			);
			buildRules = (
			);
			dependencies = (
			);
			name = 8Puzzle;
			productName = 8Puzzle;
			productReference = AC471B5B2778998700E7A032 /* 8Puzzle.app */;
			productType = "com.apple.product-type.application";
		};
/* End PBXNativeTarget section */

/* Begin PBXProject section */
		AC471B532778998700E7A032 /* Project object */ = {
			isa = PBXProject;
			attributes = {
				BuildIndependentTargetsInParallel = 1;
				LastSwiftUpdateCheck = 1320;
				LastUpgradeCheck = 1320;
				TargetAttributes = {
					AC471B5A2778998700E7A032 = {
						CreatedOnToolsVersion = 13.2.1;
					};
				};
			};
			buildConfigurationList = AC471B562778998700E7A032 /* Build configuration list for PBXProject "8Puzzle" */;
			compatibilityVersion = "Xcode 13.0";
			developmentRegion = en;
			hasScannedForEncodings = 0;
			knownRegions = (
				en,
				Base,
			);
			mainGroup = AC471B522778998700E7A032;
			productRefGroup = AC471B5C2778998700E7A032 /* Products */;
			projectDirPath = "";
			projectRoot = "";
			targets = (
				AC471B5A2778998700E7A032 /* 8Puzzle */,
			);
		};
/* End PBXProject section */

/* Begin PBXResourcesBuildPhase section */
		AC471B592778998700E7A032 /* Resources */ = {
			isa = PBXResourcesBuildPhase;
			buildActionMask = 2147483647;
			files = (
				AC471B6B2778998800E7A032 /* LaunchScreen.storyboard in Resources */,
				AC471B682778998800E7A032 /* Assets.xcassets in Resources */,
				AC471B662778998700E7A032 /* Main.storyboard in Resources */,
			);
			runOnlyForDeploymentPostprocessing = 0;
		};
/* End PBXResourcesBuildPhase section */

/* Begin PBXSourcesBuildPhase section */
		AC471B572778998700E7A032 /* Sources */ = {
			isa = PBXSourcesBuildPhase;
			buildActionMask = 2147483647;
			files = (
				AC471B632778998700E7A032 /* ViewController.swift in Sources */,
				AC471B5F2778998700E7A032 /* AppDelegate.swift in Sources */,
				AC471B7727789BA300E7A032 /* MovementDirections.swift in Sources */,
				AC471B612778998700E7A032 /* SceneDelegate.swift in Sources */,
				AC471B7927789C2400E7A032 /* AStar.swift in Sources */,
				AC471B7B27789F3200E7A032 /* PuzzleGame.swift in Sources */,
			);
			runOnlyForDeploymentPostprocessing = 0;
		};
/* End PBXSourcesBuildPhase section */

/* Begin PBXVariantGroup section */
		AC471B642778998700E7A032 /* Main.storyboard */ = {
			isa = PBXVariantGroup;
			children = (
				AC471B652778998700E7A032 /* Base */,
			);
			name = Main.storyboard;
			sourceTree = "<group>";
		};
		AC471B692778998800E7A032 /* LaunchScreen.storyboard */ = {
			isa = PBXVariantGroup;
			children = (
				AC471B6A2778998800E7A032 /* Base */,
			);
			name = LaunchScreen.storyboard;
			sourceTree = "<group>";
		};
/* End PBXVariantGroup section */

/* Begin XCBuildConfiguration section */
		AC471B6D2778998800E7A032 /* Debug */ = {
			isa = XCBuildConfiguration;
			buildSettings = {
				ALWAYS_SEARCH_USER_PATHS = NO;
				CLANG_ANALYZER_NONNULL = YES;
				CLANG_ANALYZER_NUMBER_OBJECT_CONVERSION = YES_AGGRESSIVE;
				CLANG_CXX_LANGUAGE_STANDARD = "gnu++17";
				CLANG_CXX_LIBRARY = "libc++";
				CLANG_ENABLE_MODULES = YES;
				CLANG_ENABLE_OBJC_ARC = YES;
				CLANG_ENABLE_OBJC_WEAK = YES;
				CLANG_WARN_BLOCK_CAPTURE_AUTORELEASING = YES;
				CLANG_WARN_BOOL_CONVERSION = YES;
				CLANG_WARN_COMMA = YES;
				CLANG_WARN_CONSTANT_CONVERSION = YES;
				CLANG_WARN_DEPRECATED_OBJC_IMPLEMENTATIONS = YES;
				CLANG_WARN_DIRECT_OBJC_ISA_USAGE = YES_ERROR;
				CLANG_WARN_DOCUMENTATION_COMMENTS = YES;
				CLANG_WARN_EMPTY_BODY = YES;
				CLANG_WARN_ENUM_CONVERSION = YES;
				CLANG_WARN_INFINITE_RECURSION = YES;
				CLANG_WARN_INT_CONVERSION = YES;
				CLANG_WARN_NON_LITERAL_NULL_CONVERSION = YES;
				CLANG_WARN_OBJC_IMPLICIT_RETAIN_SELF = YES;
				CLANG_WARN_OBJC_LITERAL_CONVERSION = YES;
				CLANG_WARN_OBJC_ROOT_CLASS = YES_ERROR;
				CLANG_WARN_QUOTED_INCLUDE_IN_FRAMEWORK_HEADER = YES;
				CLANG_WARN_RANGE_LOOP_ANALYSIS = YES;
				CLANG_WARN_STRICT_PROTOTYPES = YES;
				CLANG_WARN_SUSPICIOUS_MOVE = YES;
				CLANG_WARN_UNGUARDED_AVAILABILITY = YES_AGGRESSIVE;
				CLANG_WARN_UNREACHABLE_CODE = YES;
				CLANG_WARN__DUPLICATE_METHOD_MATCH = YES;
				COPY_PHASE_STRIP = NO;
				DEBUG_INFORMATION_FORMAT = dwarf;
				ENABLE_STRICT_OBJC_MSGSEND = YES;
				ENABLE_TESTABILITY = YES;
				GCC_C_LANGUAGE_STANDARD = gnu11;
				GCC_DYNAMIC_NO_PIC = NO;
				GCC_NO_COMMON_BLOCKS = YES;
				GCC_OPTIMIZATION_LEVEL = 0;
				GCC_PREPROCESSOR_DEFINITIONS = (
					"DEBUG=1",
					"$(inherited)",
				);
				GCC_WARN_64_TO_32_BIT_CONVERSION = YES;
				GCC_WARN_ABOUT_RETURN_TYPE = YES_ERROR;
				GCC_WARN_UNDECLARED_SELECTOR = YES;
				GCC_WARN_UNINITIALIZED_AUTOS = YES_AGGRESSIVE;
				GCC_WARN_UNUSED_FUNCTION = YES;
				GCC_WARN_UNUSED_VARIABLE = YES;
				IPHONEOS_DEPLOYMENT_TARGET = 15.2;
				MTL_ENABLE_DEBUG_INFO = INCLUDE_SOURCE;
				MTL_FAST_MATH = YES;
				ONLY_ACTIVE_ARCH = YES;
				SDKROOT = iphoneos;
				SWIFT_ACTIVE_COMPILATION_CONDITIONS = DEBUG;
				SWIFT_OPTIMIZATION_LEVEL = "-Onone";
			};
			name = Debug;
		};
		AC471B6E2778998800E7A032 /* Release */ = {
			isa = XCBuildConfiguration;
			buildSettings = {
				ALWAYS_SEARCH_USER_PATHS = NO;
				CLANG_ANALYZER_NONNULL = YES;
				CLANG_ANALYZER_NUMBER_OBJECT_CONVERSION = YES_AGGRESSIVE;
				CLANG_CXX_LANGUAGE_STANDARD = "gnu++17";
				CLANG_CXX_LIBRARY = "libc++";
				CLANG_ENABLE_MODULES = YES;
				CLANG_ENABLE_OBJC_ARC = YES;
				CLANG_ENABLE_OBJC_WEAK = YES;
				CLANG_WARN_BLOCK_CAPTURE_AUTORELEASING = YES;
				CLANG_WARN_BOOL_CONVERSION = YES;
				CLANG_WARN_COMMA = YES;
				CLANG_WARN_CONSTANT_CONVERSION = YES;
				CLANG_WARN_DEPRECATED_OBJC_IMPLEMENTATIONS = YES;
				CLANG_WARN_DIRECT_OBJC_ISA_USAGE = YES_ERROR;
				CLANG_WARN_DOCUMENTATION_COMMENTS = YES;
				CLANG_WARN_EMPTY_BODY = YES;
				CLANG_WARN_ENUM_CONVERSION = YES;
				CLANG_WARN_INFINITE_RECURSION = YES;
				CLANG_WARN_INT_CONVERSION = YES;
				CLANG_WARN_NON_LITERAL_NULL_CONVERSION = YES;
				CLANG_WARN_OBJC_IMPLICIT_RETAIN_SELF = YES;
				CLANG_WARN_OBJC_LITERAL_CONVERSION = YES;
				CLANG_WARN_OBJC_ROOT_CLASS = YES_ERROR;
				CLANG_WARN_QUOTED_INCLUDE_IN_FRAMEWORK_HEADER = YES;
				CLANG_WARN_RANGE_LOOP_ANALYSIS = YES;
				CLANG_WARN_STRICT_PROTOTYPES = YES;
				CLANG_WARN_SUSPICIOUS_MOVE = YES;
				CLANG_WARN_UNGUARDED_AVAILABILITY = YES_AGGRESSIVE;
				CLANG_WARN_UNREACHABLE_CODE = YES;
				CLANG_WARN__DUPLICATE_METHOD_MATCH = YES;
				COPY_PHASE_STRIP = NO;
				DEBUG_INFORMATION_FORMAT = "dwarf-with-dsym";
				ENABLE_NS_ASSERTIONS = NO;
				ENABLE_STRICT_OBJC_MSGSEND = YES;
				GCC_C_LANGUAGE_STANDARD = gnu11;
				GCC_NO_COMMON_BLOCKS = YES;
				GCC_WARN_64_TO_32_BIT_CONVERSION = YES;
				GCC_WARN_ABOUT_RETURN_TYPE = YES_ERROR;
				GCC_WARN_UNDECLARED_SELECTOR = YES;
				GCC_WARN_UNINITIALIZED_AUTOS = YES_AGGRESSIVE;
				GCC_WARN_UNUSED_FUNCTION = YES;
				GCC_WARN_UNUSED_VARIABLE = YES;
				IPHONEOS_DEPLOYMENT_TARGET = 15.2;
				MTL_ENABLE_DEBUG_INFO = NO;
				MTL_FAST_MATH = YES;
				SDKROOT = iphoneos;
				SWIFT_COMPILATION_MODE = wholemodule;
				SWIFT_OPTIMIZATION_LEVEL = "-O";
				VALIDATE_PRODUCT = YES;
			};
			name = Release;
		};
		AC471B702778998800E7A032 /* Debug */ = {
			isa = XCBuildConfiguration;
			buildSettings = {
				ASSETCATALOG_COMPILER_APPICON_NAME = AppIcon;
				ASSETCATALOG_COMPILER_GLOBAL_ACCENT_COLOR_NAME = AccentColor;
				CODE_SIGN_STYLE = Automatic;
				CURRENT_PROJECT_VERSION = 1;
				DEVELOPMENT_TEAM = FACS5QY45H;
				GENERATE_INFOPLIST_FILE = YES;
				INFOPLIST_FILE = 8Puzzle/Info.plist;
				INFOPLIST_KEY_UIApplicationSupportsIndirectInputEvents = YES;
				INFOPLIST_KEY_UILaunchStoryboardName = LaunchScreen;
				INFOPLIST_KEY_UIMainStoryboardFile = Main;
				INFOPLIST_KEY_UISupportedInterfaceOrientations = UIInterfaceOrientationPortrait;
				INFOPLIST_KEY_UISupportedInterfaceOrientations_iPad = "UIInterfaceOrientationPortrait UIInterfaceOrientationPortraitUpsideDown UIInterfaceOrientationLandscapeLeft UIInterfaceOrientationLandscapeRight";
				INFOPLIST_KEY_UISupportedInterfaceOrientations_iPhone = "UIInterfaceOrientationPortrait UIInterfaceOrientationLandscapeLeft UIInterfaceOrientationLandscapeRight";
				LD_RUNPATH_SEARCH_PATHS = (
					"$(inherited)",
					"@executable_path/Frameworks",
				);
				MARKETING_VERSION = 1.0;
				PRODUCT_BUNDLE_IDENTIFIER = "me.whothefuckis.-Puzzle";
				PRODUCT_NAME = "$(TARGET_NAME)";
				SWIFT_EMIT_LOC_STRINGS = YES;
				SWIFT_VERSION = 5.0;
				TARGETED_DEVICE_FAMILY = 1;
			};
			name = Debug;
		};
		AC471B712778998800E7A032 /* Release */ = {
			isa = XCBuildConfiguration;
			buildSettings = {
				ASSETCATALOG_COMPILER_APPICON_NAME = AppIcon;
				ASSETCATALOG_COMPILER_GLOBAL_ACCENT_COLOR_NAME = AccentColor;
				CODE_SIGN_STYLE = Automatic;
				CURRENT_PROJECT_VERSION = 1;
				DEVELOPMENT_TEAM = FACS5QY45H;
				GENERATE_INFOPLIST_FILE = YES;
				INFOPLIST_FILE = 8Puzzle/Info.plist;
				INFOPLIST_KEY_UIApplicationSupportsIndirectInputEvents = YES;
				INFOPLIST_KEY_UILaunchStoryboardName = LaunchScreen;
				INFOPLIST_KEY_UIMainStoryboardFile = Main;
				INFOPLIST_KEY_UISupportedInterfaceOrientations = UIInterfaceOrientationPortrait;
				INFOPLIST_KEY_UISupportedInterfaceOrientations_iPad = "UIInterfaceOrientationPortrait UIInterfaceOrientationPortraitUpsideDown UIInterfaceOrientationLandscapeLeft UIInterfaceOrientationLandscapeRight";
				INFOPLIST_KEY_UISupportedInterfaceOrientations_iPhone = "UIInterfaceOrientationPortrait UIInterfaceOrientationLandscapeLeft UIInterfaceOrientationLandscapeRight";
				LD_RUNPATH_SEARCH_PATHS = (
					"$(inherited)",
					"@executable_path/Frameworks",
				);
				MARKETING_VERSION = 1.0;
				PRODUCT_BUNDLE_IDENTIFIER = "me.whothefuckis.-Puzzle";
				PRODUCT_NAME = "$(TARGET_NAME)";
				SWIFT_EMIT_LOC_STRINGS = YES;
				SWIFT_VERSION = 5.0;
				TARGETED_DEVICE_FAMILY = 1;
			};
			name = Release;
		};
/* End XCBuildConfiguration section */

/* Begin XCConfigurationList section */
		AC471B562778998700E7A032 /* Build configuration list for PBXProject "8Puzzle" */ = {
			isa = XCConfigurationList;
			buildConfigurations = (
				AC471B6D2778998800E7A032 /* Debug */,
				AC471B6E2778998800E7A032 /* Release */,
			);
			defaultConfigurationIsVisible = 0;
			defaultConfigurationName = Release;
		};
		AC471B6F2778998800E7A032 /* Build configuration list for PBXNativeTarget "8Puzzle" */ = {
			isa = XCConfigurationList;
			buildConfigurations = (
				AC471B702778998800E7A032 /* Debug */,
				AC471B712778998800E7A032 /* Release */,
			);
			defaultConfigurationIsVisible = 0;
			defaultConfigurationName = Release;
		};
/* End XCConfigurationList section */
	};
	rootObject = AC471B532778998700E7A032 /* Project object */;
}
